{
  "lockfileVersion": 1,
  "workspaces": {
    "": {
      "name": "pacetime",
      "dependencies": {
        "three": "^0.186.0",
      },
      "devDependencies": {
        "playwright-core": "^1.63.0",
      },
    },
  },
  "packages": {
    "playwright-core": ["playwright-core@1.63.0", "", { "bin": { "playwright-core": "cli.js" } }, "sha512-rYCsBF/M5HjUch52bbtVONEFjv6Xu8sm8h72dNlR5bzIE1fvC/bxgspzkjSfU+MweEMmPM8KJebG6nnyxo5mCg=="],

    "three": ["three@0.186.1", "", {}, "sha512-blFeqb49wRCSGUGj7gtpfnSGHy2lwDk94RhUmS1c/hTby70kvChbWpkJ4Pm1390LqzzvTmzgXKHPEafJwCb8jA=="],
  }
}
